
Microsoft Visual Studio Solution File, Format Version 12.00
# Visual Studio Version 16
VisualStudioVersion = 16.0.31729.503
MinimumVisualStudioVersion = 10.0.40219.1
Project("{9A19103F-16F7-4668-BE54-9A1E7A4F7556}") = "ClientConsoleGrpc", "ClientConsoleGrpc.csproj", "{CBCC1EAA-F4A1-4C56-9ED3-47FAFA69A9ED}"
EndProject
Global
	GlobalSection(SolutionConfigurationPlatforms) = preSolution
		Debug|Any CPU = Debug|Any CPU
		Release|Any CPU = Release|Any CPU
	EndGlobalSection
	GlobalSection(ProjectConfigurationPlatforms) = postSolution
		{CBCC1EAA-F4A1-4C56-9ED3-47FAFA69A9ED}.Debug|Any CPU.ActiveCfg = Debug|Any CPU
		{CBCC1EAA-F4A1-4C56-9ED3-47FAFA69A9ED}.Debug|Any CPU.Build.0 = Debug|Any CPU
		{CBCC1EAA-F4A1-4C56-9ED3-47FAFA69A9ED}.Release|Any CPU.ActiveCfg = Release|Any CPU
		{CBCC1EAA-F4A1-4C56-9ED3-47FAFA69A9ED}.Release|Any CPU.Build.0 = Release|Any CPU
	EndGlobalSection
	GlobalSection(SolutionProperties) = preSolution
		HideSolutionNode = FALSE
	EndGlobalSection
	GlobalSection(ExtensibilityGlobals) = postSolution
		SolutionGuid = {12100921-E240-4924-84A7-E3609C5793DC}
	EndGlobalSection
EndGlobal
